
Microsoft Visual Studio Solution File, Format Version 12.00
# Visual Studio Version 17
VisualStudioVersion = 17.9.34714.143
MinimumVisualStudioVersion = 10.0.40219.1
Project("{2150E333-8FDC-42A3-9474-1A3956D46DE8}") = "src", "src", "{484A65B5-916A-43F7-9F6B-35FD94494067}"
EndProject
Project("{2150E333-8FDC-42A3-9474-1A3956D46DE8}") = "tests", "tests", "{8E7148DF-4D69-4505-95E9-B0D7C9EFF1A1}"
EndProject
Project("{9A19103F-16F7-4668-BE54-9A1E7A4F7556}") = "OdevGrup1.Application", "src\OdevGrup1.Application\OdevGrup1.Application.csproj", "{78B2E604-0F64-4633-8684-C45395548C85}"
EndProject
Project("{9A19103F-16F7-4668-BE54-9A1E7A4F7556}") = "OdevGrup1.Infrastructure", "src\OdevGrup1.Infrastructure\OdevGrup1.Infrastructure.csproj", "{E1E20A83-7237-4110-AEB7-8293B7E9315C}"
EndProject
Project("{9A19103F-16F7-4668-BE54-9A1E7A4F7556}") = "OdevGrup1.Domain", "src\OdevGrup1.Domain\OdevGrup1.Domain.csproj", "{267587C2-D035-4BC2-A934-4AFADC2053FC}"
EndProject
Project("{9A19103F-16F7-4668-BE54-9A1E7A4F7556}") = "OdevGrup1.Presentation", "src\OdevGrup1.Presentation\OdevGrup1.Presentation.csproj", "{24670F8E-0BF3-4588-BED5-CC4CAF7AFA27}"
EndProject
Project("{9A19103F-16F7-4668-BE54-9A1E7A4F7556}") = "OdevGrup1.Persistence", "src\OdevGrup1.Persistence\OdevGrup1.Persistence.csproj", "{C00E05BD-D83E-440A-B5ED-6A196576806B}"
EndProject
Project("{9A19103F-16F7-4668-BE54-9A1E7A4F7556}") = "OdevGrup1.WebAPI", "src\OdevGrup1.WebAPI\OdevGrup1.WebAPI.csproj", "{FFEFE625-6546-4AF1-A86A-D5C23EBA63F1}"
EndProject
Global
	GlobalSection(SolutionConfigurationPlatforms) = preSolution
		Debug|Any CPU = Debug|Any CPU
		Release|Any CPU = Release|Any CPU
	EndGlobalSection
	GlobalSection(ProjectConfigurationPlatforms) = postSolution
		{78B2E604-0F64-4633-8684-C45395548C85}.Debug|Any CPU.ActiveCfg = Debug|Any CPU
		{78B2E604-0F64-4633-8684-C45395548C85}.Debug|Any CPU.Build.0 = Debug|Any CPU
		{78B2E604-0F64-4633-8684-C45395548C85}.Release|Any CPU.ActiveCfg = Release|Any CPU
		{78B2E604-0F64-4633-8684-C45395548C85}.Release|Any CPU.Build.0 = Release|Any CPU
		{E1E20A83-7237-4110-AEB7-8293B7E9315C}.Debug|Any CPU.ActiveCfg = Debug|Any CPU
		{E1E20A83-7237-4110-AEB7-8293B7E9315C}.Debug|Any CPU.Build.0 = Debug|Any CPU
		{E1E20A83-7237-4110-AEB7-8293B7E9315C}.Release|Any CPU.ActiveCfg = Release|Any CPU
		{E1E20A83-7237-4110-AEB7-8293B7E9315C}.Release|Any CPU.Build.0 = Release|Any CPU
		{267587C2-D035-4BC2-A934-4AFADC2053FC}.Debug|Any CPU.ActiveCfg = Debug|Any CPU
		{267587C2-D035-4BC2-A934-4AFADC2053FC}.Debug|Any CPU.Build.0 = Debug|Any CPU
		{267587C2-D035-4BC2-A934-4AFADC2053FC}.Release|Any CPU.ActiveCfg = Release|Any CPU
		{267587C2-D035-4BC2-A934-4AFADC2053FC}.Release|Any CPU.Build.0 = Release|Any CPU
		{24670F8E-0BF3-4588-BED5-CC4CAF7AFA27}.Debug|Any CPU.ActiveCfg = Debug|Any CPU
		{24670F8E-0BF3-4588-BED5-CC4CAF7AFA27}.Debug|Any CPU.Build.0 = Debug|Any CPU
		{24670F8E-0BF3-4588-BED5-CC4CAF7AFA27}.Release|Any CPU.ActiveCfg = Release|Any CPU
		{24670F8E-0BF3-4588-BED5-CC4CAF7AFA27}.Release|Any CPU.Build.0 = Release|Any CPU
		{C00E05BD-D83E-440A-B5ED-6A196576806B}.Debug|Any CPU.ActiveCfg = Debug|Any CPU
		{C00E05BD-D83E-440A-B5ED-6A196576806B}.Debug|Any CPU.Build.0 = Debug|Any CPU
		{C00E05BD-D83E-440A-B5ED-6A196576806B}.Release|Any CPU.ActiveCfg = Release|Any CPU
		{C00E05BD-D83E-440A-B5ED-6A196576806B}.Release|Any CPU.Build.0 = Release|Any CPU
		{FFEFE625-6546-4AF1-A86A-D5C23EBA63F1}.Debug|Any CPU.ActiveCfg = Debug|Any CPU
		{FFEFE625-6546-4AF1-A86A-D5C23EBA63F1}.Debug|Any CPU.Build.0 = Debug|Any CPU
		{FFEFE625-6546-4AF1-A86A-D5C23EBA63F1}.Release|Any CPU.ActiveCfg = Release|Any CPU
		{FFEFE625-6546-4AF1-A86A-D5C23EBA63F1}.Release|Any CPU.Build.0 = Release|Any CPU
	EndGlobalSection
	GlobalSection(SolutionProperties) = preSolution
		HideSolutionNode = FALSE
	EndGlobalSection
	GlobalSection(NestedProjects) = preSolution
		{78B2E604-0F64-4633-8684-C45395548C85} = {484A65B5-916A-43F7-9F6B-35FD94494067}
		{E1E20A83-7237-4110-AEB7-8293B7E9315C} = {484A65B5-916A-43F7-9F6B-35FD94494067}
		{267587C2-D035-4BC2-A934-4AFADC2053FC} = {484A65B5-916A-43F7-9F6B-35FD94494067}
		{24670F8E-0BF3-4588-BED5-CC4CAF7AFA27} = {484A65B5-916A-43F7-9F6B-35FD94494067}
		{C00E05BD-D83E-440A-B5ED-6A196576806B} = {484A65B5-916A-43F7-9F6B-35FD94494067}
		{FFEFE625-6546-4AF1-A86A-D5C23EBA63F1} = {484A65B5-916A-43F7-9F6B-35FD94494067}
	EndGlobalSection
	GlobalSection(ExtensibilityGlobals) = postSolution
		SolutionGuid = {0D09D313-B704-48F3-96FF-D70A9D0E3B22}
	EndGlobalSection
EndGlobal
